# THIS IS AN AUTOGENERATED FILE. DO NOT EDIT THIS FILE DIRECTLY.
# yarn lockfile v1


"@types/humps@^1.1.3":
  version "1.1.3"
  resolved "https://registry.yarnpkg.com/@types/humps/-/humps-1.1.3.tgz#5a824883eddafe11ffd3b6d44e213698813e2c71"
  integrity sha512-o7MN6qHSmdQKbM+HSDXPk7kUlJP+rMiAAenFwe0VPmUn7XeFwGdWx9eWhUJUPxY7IUk+Ko4UyP89kptj9unY4A==

humps@^2.0.1:
  version "2.0.1"
  resolved "https://registry.yarnpkg.com/humps/-/humps-2.0.1.tgz#dd02ea6081bd0568dc5d073184463957ba9ef9aa"
  integrity sha1-3QLqYIG9BWjcXQcxhEY5V7qe+ao=
